
Microsoft Visual Studio Solution File, Format Version 12.00
# Visual Studio 15
VisualStudioVersion = 15.0.28307.779
MinimumVisualStudioVersion = 10.0.40219.1
Project("{9A19103F-16F7-4668-BE54-9A1E7A4F7556}") = "AspNetCoreSample", "src\AspNetCoreSample\AspNetCoreSample.csproj", "{3EDB7B4F-4B53-4866-B365-78289FD8798B}"
EndProject
Project("{FAE04EC0-301F-11D3-BF4B-00C04F79EFBC}") = "AspNetCoreSample.UnitTests", "src\AspNetCoreSample.UnitTests\AspNetCoreSample.UnitTests.csproj", "{4184EEC5-BEE4-45E4-86EB-2DE5388E253B}"
EndProject
Global
	GlobalSection(SolutionConfigurationPlatforms) = preSolution
		Debug|Any CPU = Debug|Any CPU
		Release|Any CPU = Release|Any CPU
	EndGlobalSection
	GlobalSection(ProjectConfigurationPlatforms) = postSolution
		{3EDB7B4F-4B53-4866-B365-78289FD8798B}.Debug|Any CPU.ActiveCfg = Debug|Any CPU
		{3EDB7B4F-4B53-4866-B365-78289FD8798B}.Debug|Any CPU.Build.0 = Debug|Any CPU
		{3EDB7B4F-4B53-4866-B365-78289FD8798B}.Release|Any CPU.ActiveCfg = Release|Any CPU
		{3EDB7B4F-4B53-4866-B365-78289FD8798B}.Release|Any CPU.Build.0 = Release|Any CPU
		{4184EEC5-BEE4-45E4-86EB-2DE5388E253B}.Debug|Any CPU.ActiveCfg = Debug|Any CPU
		{4184EEC5-BEE4-45E4-86EB-2DE5388E253B}.Debug|Any CPU.Build.0 = Debug|Any CPU
		{4184EEC5-BEE4-45E4-86EB-2DE5388E253B}.Release|Any CPU.ActiveCfg = Release|Any CPU
		{4184EEC5-BEE4-45E4-86EB-2DE5388E253B}.Release|Any CPU.Build.0 = Release|Any CPU
	EndGlobalSection
	GlobalSection(SolutionProperties) = preSolution
		HideSolutionNode = FALSE
	EndGlobalSection
	GlobalSection(ExtensibilityGlobals) = postSolution
		SolutionGuid = {7FAC63AC-EAC4-4DE9-B8CE-26960CD7E076}
	EndGlobalSection
EndGlobal
